// !$*UTF8*$!
{
	archiveVersion = 1;
	classes = {
	};
	objectVersion = 55;
	objects = {

/* Begin PBXBuildFile section */
		1C028E1D2840CA4200D4B3D5 /* YDHomeTableViewCell.swift in Sources */ = {isa = PBXBuildFile; fileRef = 1C028E1C2840CA4200D4B3D5 /* YDHomeTableViewCell.swift */; };
		1C4F3E51282CE35300562F01 /* YDApi.swift in Sources */ = {isa = PBXBuildFile; fileRef = 1C4F3E50282CE35300562F01 /* YDApi.swift */; };
		1C4F3E53282D13D400562F01 /* YDModel.swift in Sources */ = {isa = PBXBuildFile; fileRef = 1C4F3E52282D13D400562F01 /* YDModel.swift */; };
		1C562D21282371C200AFE621 /* AppDelegate.swift in Sources */ = {isa = PBXBuildFile; fileRef = 1C562D20282371C200AFE621 /* AppDelegate.swift */; };
		1C562D23282371C200AFE621 /* SceneDelegate.swift in Sources */ = {isa = PBXBuildFile; fileRef = 1C562D22282371C200AFE621 /* SceneDelegate.swift */; };
		1C562D28282371C200AFE621 /* Main.storyboard in Resources */ = {isa = PBXBuildFile; fileRef = 1C562D26282371C200AFE621 /* Main.storyboard */; };
		1C562D2A282371C300AFE621 /* Assets.xcassets in Resources */ = {isa = PBXBuildFile; fileRef = 1C562D29282371C300AFE621 /* Assets.xcassets */; };
		1C562D2D282371C300AFE621 /* LaunchScreen.storyboard in Resources */ = {isa = PBXBuildFile; fileRef = 1C562D2B282371C300AFE621 /* LaunchScreen.storyboard */; };
		1C562D38282371C400AFE621 /* yd_app_iosTests.swift in Sources */ = {isa = PBXBuildFile; fileRef = 1C562D37282371C400AFE621 /* yd_app_iosTests.swift */; };
		1C562D42282371C400AFE621 /* yd_app_iosUITests.swift in Sources */ = {isa = PBXBuildFile; fileRef = 1C562D41282371C400AFE621 /* yd_app_iosUITests.swift */; };
		1C562D44282371C400AFE621 /* yd_app_iosUITestsLaunchTests.swift in Sources */ = {isa = PBXBuildFile; fileRef = 1C562D43282371C400AFE621 /* yd_app_iosUITestsLaunchTests.swift */; };
		1C562D512823E82B00AFE621 /* YDTabBarController.swift in Sources */ = {isa = PBXBuildFile; fileRef = 1C562D502823E82B00AFE621 /* YDTabBarController.swift */; };
		1C562D532823E8DF00AFE621 /* YDHomeViewController.swift in Sources */ = {isa = PBXBuildFile; fileRef = 1C562D522823E8DF00AFE621 /* YDHomeViewController.swift */; };
		1C562D562823E93300AFE621 /* YDBaseViewController.swift in Sources */ = {isa = PBXBuildFile; fileRef = 1C562D552823E93300AFE621 /* YDBaseViewController.swift */; };
		1C70F6A528253694001E3EF3 /* YDNavigationController.swift in Sources */ = {isa = PBXBuildFile; fileRef = 1C70F6A428253694001E3EF3 /* YDNavigationController.swift */; };
		1C70F6B028253701001E3EF3 /* ArrayExtensions.swift in Sources */ = {isa = PBXBuildFile; fileRef = 1C70F6A728253701001E3EF3 /* ArrayExtensions.swift */; };
		1C70F6B128253701001E3EF3 /* UIColorExtension.swift in Sources */ = {isa = PBXBuildFile; fileRef = 1C70F6A828253701001E3EF3 /* UIColorExtension.swift */; };
		1C70F6B228253701001E3EF3 /* UIViewExtension.swift in Sources */ = {isa = PBXBuildFile; fileRef = 1C70F6A928253701001E3EF3 /* UIViewExtension.swift */; };
		1C70F6B328253701001E3EF3 /* UIBarButtonItemExtension.swift in Sources */ = {isa = PBXBuildFile; fileRef = 1C70F6AA28253701001E3EF3 /* UIBarButtonItemExtension.swift */; };
		1C70F6B428253701001E3EF3 /* UIDeviceExtension.swift in Sources */ = {isa = PBXBuildFile; fileRef = 1C70F6AB28253701001E3EF3 /* UIDeviceExtension.swift */; };
		1C70F6B528253701001E3EF3 /* UIImageExtensions.swift in Sources */ = {isa = PBXBuildFile; fileRef = 1C70F6AC28253701001E3EF3 /* UIImageExtensions.swift */; };
		1C70F6B628253701001E3EF3 /* DispatchQueueExtension.swift in Sources */ = {isa = PBXBuildFile; fileRef = 1C70F6AD28253701001E3EF3 /* DispatchQueueExtension.swift */; };
		1C70F6B728253701001E3EF3 /* StringExtension.swift in Sources */ = {isa = PBXBuildFile; fileRef = 1C70F6AE28253701001E3EF3 /* StringExtension.swift */; };
		1C70F6B828253701001E3EF3 /* DictionaryExtension.swift in Sources */ = {isa = PBXBuildFile; fileRef = 1C70F6AF28253701001E3EF3 /* DictionaryExtension.swift */; };
		1C70F6BC28254193001E3EF3 /* YDMineViewController.swift in Sources */ = {isa = PBXBuildFile; fileRef = 1C70F6BB28254193001E3EF3 /* YDMineViewController.swift */; };
		1C9FDDC22833525A00EC22FE /* YDRefresh.swift in Sources */ = {isa = PBXBuildFile; fileRef = 1C9FDDC12833525A00EC22FE /* YDRefresh.swift */; };
		1CC054BA2836514100F02EC4 /* YDHomePresenter.swift in Sources */ = {isa = PBXBuildFile; fileRef = 1CC054B92836514100F02EC4 /* YDHomePresenter.swift */; };
		1CEC46AB282B6E180059030D /* YDGloble.swift in Sources */ = {isa = PBXBuildFile; fileRef = 1CEC46AA282B6E180059030D /* YDGloble.swift */; };
		BBB1CD38DB8C04B81B25C33B /* Pods_yd_app_ios.framework in Frameworks */ = {isa = PBXBuildFile; fileRef = 9C417F0E38533326FB37A8D8 /* Pods_yd_app_ios.framework */; };
/* End PBXBuildFile section */

/* Begin PBXContainerItemProxy section */
		1C562D34282371C400AFE621 /* PBXContainerItemProxy */ = {
			isa = PBXContainerItemProxy;
			containerPortal = 1C562D15282371C200AFE621 /* Project object */;
			proxyType = 1;
			remoteGlobalIDString = 1C562D1C282371C200AFE621;
			remoteInfo = yd_app_ios;
		};
		1C562D3E282371C400AFE621 /* PBXContainerItemProxy */ = {
			isa = PBXContainerItemProxy;
			containerPortal = 1C562D15282371C200AFE621 /* Project object */;
			proxyType = 1;
			remoteGlobalIDString = 1C562D1C282371C200AFE621;
			remoteInfo = yd_app_ios;
		};
/* End PBXContainerItemProxy section */

/* Begin PBXFileReference section */
		1C028E1C2840CA4200D4B3D5 /* YDHomeTableViewCell.swift */ = {isa = PBXFileReference; lastKnownFileType = sourcecode.swift; path = YDHomeTableViewCell.swift; sourceTree = "<group>"; };
		1C4F3E50282CE35300562F01 /* YDApi.swift */ = {isa = PBXFileReference; lastKnownFileType = sourcecode.swift; path = YDApi.swift; sourceTree = "<group>"; };
		1C4F3E52282D13D400562F01 /* YDModel.swift */ = {isa = PBXFileReference; lastKnownFileType = sourcecode.swift; path = YDModel.swift; sourceTree = "<group>"; };
		1C562D1D282371C200AFE621 /* yd_app_ios.app */ = {isa = PBXFileReference; explicitFileType = wrapper.application; includeInIndex = 0; path = yd_app_ios.app; sourceTree = BUILT_PRODUCTS_DIR; };
		1C562D20282371C200AFE621 /* AppDelegate.swift */ = {isa = PBXFileReference; lastKnownFileType = sourcecode.swift; path = AppDelegate.swift; sourceTree = "<group>"; };
		1C562D22282371C200AFE621 /* SceneDelegate.swift */ = {isa = PBXFileReference; lastKnownFileType = sourcecode.swift; path = SceneDelegate.swift; sourceTree = "<group>"; };
		1C562D27282371C200AFE621 /* Base */ = {isa = PBXFileReference; lastKnownFileType = file.storyboard; name = Base; path = Base.lproj/Main.storyboard; sourceTree = "<group>"; };
		1C562D29282371C300AFE621 /* Assets.xcassets */ = {isa = PBXFileReference; lastKnownFileType = folder.assetcatalog; path = Assets.xcassets; sourceTree = "<group>"; };
		1C562D2C282371C300AFE621 /* Base */ = {isa = PBXFileReference; lastKnownFileType = file.storyboard; name = Base; path = Base.lproj/LaunchScreen.storyboard; sourceTree = "<group>"; };
		1C562D2E282371C300AFE621 /* Info.plist */ = {isa = PBXFileReference; lastKnownFileType = text.plist.xml; path = Info.plist; sourceTree = "<group>"; };
		1C562D33282371C400AFE621 /* yd_app_iosTests.xctest */ = {isa = PBXFileReference; explicitFileType = wrapper.cfbundle; includeInIndex = 0; path = yd_app_iosTests.xctest; sourceTree = BUILT_PRODUCTS_DIR; };
		1C562D37282371C400AFE621 /* yd_app_iosTests.swift */ = {isa = PBXFileReference; lastKnownFileType = sourcecode.swift; path = yd_app_iosTests.swift; sourceTree = "<group>"; };
		1C562D3D282371C400AFE621 /* yd_app_iosUITests.xctest */ = {isa = PBXFileReference; explicitFileType = wrapper.cfbundle; includeInIndex = 0; path = yd_app_iosUITests.xctest; sourceTree = BUILT_PRODUCTS_DIR; };
		1C562D41282371C400AFE621 /* yd_app_iosUITests.swift */ = {isa = PBXFileReference; lastKnownFileType = sourcecode.swift; path = yd_app_iosUITests.swift; sourceTree = "<group>"; };
		1C562D43282371C400AFE621 /* yd_app_iosUITestsLaunchTests.swift */ = {isa = PBXFileReference; lastKnownFileType = sourcecode.swift; path = yd_app_iosUITestsLaunchTests.swift; sourceTree = "<group>"; };
		1C562D502823E82B00AFE621 /* YDTabBarController.swift */ = {isa = PBXFileReference; lastKnownFileType = sourcecode.swift; path = YDTabBarController.swift; sourceTree = "<group>"; };
		1C562D522823E8DF00AFE621 /* YDHomeViewController.swift */ = {isa = PBXFileReference; lastKnownFileType = sourcecode.swift; path = YDHomeViewController.swift; sourceTree = "<group>"; };
		1C562D552823E93300AFE621 /* YDBaseViewController.swift */ = {isa = PBXFileReference; lastKnownFileType = sourcecode.swift; path = YDBaseViewController.swift; sourceTree = "<group>"; };
		1C70F6A428253694001E3EF3 /* YDNavigationController.swift */ = {isa = PBXFileReference; fileEncoding = 4; lastKnownFileType = sourcecode.swift; path = YDNavigationController.swift; sourceTree = "<group>"; };
		1C70F6A728253701001E3EF3 /* ArrayExtensions.swift */ = {isa = PBXFileReference; fileEncoding = 4; lastKnownFileType = sourcecode.swift; path = ArrayExtensions.swift; sourceTree = "<group>"; };
		1C70F6A828253701001E3EF3 /* UIColorExtension.swift */ = {isa = PBXFileReference; fileEncoding = 4; lastKnownFileType = sourcecode.swift; path = UIColorExtension.swift; sourceTree = "<group>"; };
		1C70F6A928253701001E3EF3 /* UIViewExtension.swift */ = {isa = PBXFileReference; fileEncoding = 4; lastKnownFileType = sourcecode.swift; path = UIViewExtension.swift; sourceTree = "<group>"; };
		1C70F6AA28253701001E3EF3 /* UIBarButtonItemExtension.swift */ = {isa = PBXFileReference; fileEncoding = 4; lastKnownFileType = sourcecode.swift; path = UIBarButtonItemExtension.swift; sourceTree = "<group>"; };
		1C70F6AB28253701001E3EF3 /* UIDeviceExtension.swift */ = {isa = PBXFileReference; fileEncoding = 4; lastKnownFileType = sourcecode.swift; path = UIDeviceExtension.swift; sourceTree = "<group>"; };
		1C70F6AC28253701001E3EF3 /* UIImageExtensions.swift */ = {isa = PBXFileReference; fileEncoding = 4; lastKnownFileType = sourcecode.swift; path = UIImageExtensions.swift; sourceTree = "<group>"; };
		1C70F6AD28253701001E3EF3 /* DispatchQueueExtension.swift */ = {isa = PBXFileReference; fileEncoding = 4; lastKnownFileType = sourcecode.swift; path = DispatchQueueExtension.swift; sourceTree = "<group>"; };
		1C70F6AE28253701001E3EF3 /* StringExtension.swift */ = {isa = PBXFileReference; fileEncoding = 4; lastKnownFileType = sourcecode.swift; path = StringExtension.swift; sourceTree = "<group>"; };
		1C70F6AF28253701001E3EF3 /* DictionaryExtension.swift */ = {isa = PBXFileReference; fileEncoding = 4; lastKnownFileType = sourcecode.swift; path = DictionaryExtension.swift; sourceTree = "<group>"; };
		1C70F6BB28254193001E3EF3 /* YDMineViewController.swift */ = {isa = PBXFileReference; lastKnownFileType = sourcecode.swift; path = YDMineViewController.swift; sourceTree = "<group>"; };
		1C9FDDC12833525A00EC22FE /* YDRefresh.swift */ = {isa = PBXFileReference; lastKnownFileType = sourcecode.swift; path = YDRefresh.swift; sourceTree = "<group>"; };
		1CC054B92836514100F02EC4 /* YDHomePresenter.swift */ = {isa = PBXFileReference; lastKnownFileType = sourcecode.swift; path = YDHomePresenter.swift; sourceTree = "<group>"; };
		1CEC46AA282B6E180059030D /* YDGloble.swift */ = {isa = PBXFileReference; lastKnownFileType = sourcecode.swift; path = YDGloble.swift; sourceTree = "<group>"; };
		60310B5C231D50D27CF66890 /* Pods-yd_app_ios.release.xcconfig */ = {isa = PBXFileReference; includeInIndex = 1; lastKnownFileType = text.xcconfig; name = "Pods-yd_app_ios.release.xcconfig"; path = "Target Support Files/Pods-yd_app_ios/Pods-yd_app_ios.release.xcconfig"; sourceTree = "<group>"; };
		68F344FBD6AB1F2C7E3E9AAD /* Pods-yd_app_ios.debug.xcconfig */ = {isa = PBXFileReference; includeInIndex = 1; lastKnownFileType = text.xcconfig; name = "Pods-yd_app_ios.debug.xcconfig"; path = "Target Support Files/Pods-yd_app_ios/Pods-yd_app_ios.debug.xcconfig"; sourceTree = "<group>"; };
		9C417F0E38533326FB37A8D8 /* Pods_yd_app_ios.framework */ = {isa = PBXFileReference; explicitFileType = wrapper.framework; includeInIndex = 0; path = Pods_yd_app_ios.framework; sourceTree = BUILT_PRODUCTS_DIR; };
/* End PBXFileReference section */

/* Begin PBXFrameworksBuildPhase section */
		1C562D1A282371C200AFE621 /* Frameworks */ = {
			isa = PBXFrameworksBuildPhase;
			buildActionMask = 2147483647;
			files = (
				BBB1CD38DB8C04B81B25C33B /* Pods_yd_app_ios.framework in Frameworks */,
			);
			runOnlyForDeploymentPostprocessing = 0;
		};
		1C562D30282371C400AFE621 /* Frameworks */ = {
			isa = PBXFrameworksBuildPhase;
			buildActionMask = 2147483647;
			files = (
			);
			runOnlyForDeploymentPostprocessing = 0;
		};
		1C562D3A282371C400AFE621 /* Frameworks */ = {
			isa = PBXFrameworksBuildPhase;
			buildActionMask = 2147483647;
			files = (
			);
			runOnlyForDeploymentPostprocessing = 0;
		};
/* End PBXFrameworksBuildPhase section */

/* Begin PBXGroup section */
		1C4F3E4F282CE33A00562F01 /* Api */ = {
			isa = PBXGroup;
			children = (
				1C4F3E50282CE35300562F01 /* YDApi.swift */,
				1C4F3E52282D13D400562F01 /* YDModel.swift */,
			);
			path = Api;
			sourceTree = "<group>";
		};
		1C562D14282371C200AFE621 = {
			isa = PBXGroup;
			children = (
				1C562D1F282371C200AFE621 /* yd_app_ios */,
				1C562D36282371C400AFE621 /* yd_app_iosTests */,
				1C562D40282371C400AFE621 /* yd_app_iosUITests */,
				1C562D1E282371C200AFE621 /* Products */,
				B864821EF077DD9F820C59CA /* Pods */,
				8042E1E6C8A82E3D7126AB5F /* Frameworks */,
			);
			sourceTree = "<group>";
		};
		1C562D1E282371C200AFE621 /* Products */ = {
			isa = PBXGroup;
			children = (
				1C562D1D282371C200AFE621 /* yd_app_ios.app */,
				1C562D33282371C400AFE621 /* yd_app_iosTests.xctest */,
				1C562D3D282371C400AFE621 /* yd_app_iosUITests.xctest */,
			);
			name = Products;
			sourceTree = "<group>";
		};
		1C562D1F282371C200AFE621 /* yd_app_ios */ = {
			isa = PBXGroup;
			children = (
				1C562D20282371C200AFE621 /* AppDelegate.swift */,
				1C562D22282371C200AFE621 /* SceneDelegate.swift */,
				1C9FDDC02833520500EC22FE /* Refresh */,
				1C4F3E4F282CE33A00562F01 /* Api */,
				1CEC46A9282B6DE90059030D /* YDCommon */,
				1C70F6B928254134001E3EF3 /* Home */,
				1C70F6BA2825416C001E3EF3 /* Mine */,
				1C70F6A628253701001E3EF3 /* Extension */,
				1C562D542823E90B00AFE621 /* BaseVC */,
				1C562D26282371C200AFE621 /* Main.storyboard */,
				1C562D29282371C300AFE621 /* Assets.xcassets */,
				1C562D2B282371C300AFE621 /* LaunchScreen.storyboard */,
				1C562D2E282371C300AFE621 /* Info.plist */,
			);
			path = yd_app_ios;
			sourceTree = "<group>";
		};
		1C562D36282371C400AFE621 /* yd_app_iosTests */ = {
			isa = PBXGroup;
			children = (
				1C562D37282371C400AFE621 /* yd_app_iosTests.swift */,
			);
			path = yd_app_iosTests;
			sourceTree = "<group>";
		};
		1C562D40282371C400AFE621 /* yd_app_iosUITests */ = {
			isa = PBXGroup;
			children = (
				1C562D41282371C400AFE621 /* yd_app_iosUITests.swift */,
				1C562D43282371C400AFE621 /* yd_app_iosUITestsLaunchTests.swift */,
			);
			path = yd_app_iosUITests;
			sourceTree = "<group>";
		};
		1C562D542823E90B00AFE621 /* BaseVC */ = {
			isa = PBXGroup;
			children = (
				1C562D502823E82B00AFE621 /* YDTabBarController.swift */,
				1C562D552823E93300AFE621 /* YDBaseViewController.swift */,
				1C70F6A428253694001E3EF3 /* YDNavigationController.swift */,
			);
			path = BaseVC;
			sourceTree = "<group>";
		};
		1C70F6A628253701001E3EF3 /* Extension */ = {
			isa = PBXGroup;
			children = (
				1C70F6A728253701001E3EF3 /* ArrayExtensions.swift */,
				1C70F6A828253701001E3EF3 /* UIColorExtension.swift */,
				1C70F6A928253701001E3EF3 /* UIViewExtension.swift */,
				1C70F6AA28253701001E3EF3 /* UIBarButtonItemExtension.swift */,
				1C70F6AB28253701001E3EF3 /* UIDeviceExtension.swift */,
				1C70F6AC28253701001E3EF3 /* UIImageExtensions.swift */,
				1C70F6AD28253701001E3EF3 /* DispatchQueueExtension.swift */,
				1C70F6AE28253701001E3EF3 /* StringExtension.swift */,
				1C70F6AF28253701001E3EF3 /* DictionaryExtension.swift */,
			);
			path = Extension;
			sourceTree = "<group>";
		};
		1C70F6B928254134001E3EF3 /* Home */ = {
			isa = PBXGroup;
			children = (
				1C562D522823E8DF00AFE621 /* YDHomeViewController.swift */,
				1CC054B92836514100F02EC4 /* YDHomePresenter.swift */,
				1C028E1C2840CA4200D4B3D5 /* YDHomeTableViewCell.swift */,
			);
			path = Home;
			sourceTree = "<group>";
		};
		1C70F6BA2825416C001E3EF3 /* Mine */ = {
			isa = PBXGroup;
			children = (
				1C70F6BB28254193001E3EF3 /* YDMineViewController.swift */,
			);
			path = Mine;
			sourceTree = "<group>";
		};
		1C9FDDC02833520500EC22FE /* Refresh */ = {
			isa = PBXGroup;
			children = (
				1C9FDDC12833525A00EC22FE /* YDRefresh.swift */,
			);
			path = Refresh;
			sourceTree = "<group>";
		};
		1CEC46A9282B6DE90059030D /* YDCommon */ = {
			isa = PBXGroup;
			children = (
				1CEC46AA282B6E180059030D /* YDGloble.swift */,
			);
			path = YDCommon;
			sourceTree = "<group>";
		};
		8042E1E6C8A82E3D7126AB5F /* Frameworks */ = {
			isa = PBXGroup;
			children = (
				9C417F0E38533326FB37A8D8 /* Pods_yd_app_ios.framework */,
			);
			name = Frameworks;
			sourceTree = "<group>";
		};
		B864821EF077DD9F820C59CA /* Pods */ = {
			isa = PBXGroup;
			children = (
				68F344FBD6AB1F2C7E3E9AAD /* Pods-yd_app_ios.debug.xcconfig */,
				60310B5C231D50D27CF66890 /* Pods-yd_app_ios.release.xcconfig */,
			);
			path = Pods;
			sourceTree = "<group>";
		};
/* End PBXGroup section */

/* Begin PBXNativeTarget section */
		1C562D1C282371C200AFE621 /* yd_app_ios */ = {
			isa = PBXNativeTarget;
			buildConfigurationList = 1C562D47282371C400AFE621 /* Build configuration list for PBXNativeTarget "yd_app_ios" */;
			buildPhases = (
				2118CD5DB49612C6A7A5E496 /* [CP] Check Pods Manifest.lock */,
				1C562D19282371C200AFE621 /* Sources */,
				1C562D1A282371C200AFE621 /* Frameworks */,
				1C562D1B282371C200AFE621 /* Resources */,
				B105BE841DA3FBAF111C5E7C /* [CP] Embed Pods Frameworks */,
			);
			buildRules = (
			);
			dependencies = (
			);
			name = yd_app_ios;
			productName = yd_app_ios;
			productReference = 1C562D1D282371C200AFE621 /* yd_app_ios.app */;
			productType = "com.apple.product-type.application";
		};
		1C562D32282371C400AFE621 /* yd_app_iosTests */ = {
			isa = PBXNativeTarget;
			buildConfigurationList = 1C562D4A282371C400AFE621 /* Build configuration list for PBXNativeTarget "yd_app_iosTests" */;
			buildPhases = (
				1C562D2F282371C400AFE621 /* Sources */,
				1C562D30282371C400AFE621 /* Frameworks */,
				1C562D31282371C400AFE621 /* Resources */,
			);
			buildRules = (
			);
			dependencies = (
				1C562D35282371C400AFE621 /* PBXTargetDependency */,
			);
			name = yd_app_iosTests;
			productName = yd_app_iosTests;
			productReference = 1C562D33282371C400AFE621 /* yd_app_iosTests.xctest */;
			productType = "com.apple.product-type.bundle.unit-test";
		};
		1C562D3C282371C400AFE621 /* yd_app_iosUITests */ = {
			isa = PBXNativeTarget;
			buildConfigurationList = 1C562D4D282371C400AFE621 /* Build configuration list for PBXNativeTarget "yd_app_iosUITests" */;
			buildPhases = (
				1C562D39282371C400AFE621 /* Sources */,
				1C562D3A282371C400AFE621 /* Frameworks */,
				1C562D3B282371C400AFE621 /* Resources */,
			);
			buildRules = (
			);
			dependencies = (
				1C562D3F282371C400AFE621 /* PBXTargetDependency */,
			);
			name = yd_app_iosUITests;
			productName = yd_app_iosUITests;
			productReference = 1C562D3D282371C400AFE621 /* yd_app_iosUITests.xctest */;
			productType = "com.apple.product-type.bundle.ui-testing";
		};
/* End PBXNativeTarget section */

/* Begin PBXProject section */
		1C562D15282371C200AFE621 /* Project object */ = {
			isa = PBXProject;
			attributes = {
				BuildIndependentTargetsInParallel = 1;
				LastSwiftUpdateCheck = 1330;
				LastUpgradeCheck = 1330;
				TargetAttributes = {
					1C562D1C282371C200AFE621 = {
						CreatedOnToolsVersion = 13.3.1;
					};
					1C562D32282371C400AFE621 = {
						CreatedOnToolsVersion = 13.3.1;
						TestTargetID = 1C562D1C282371C200AFE621;
					};
					1C562D3C282371C400AFE621 = {
						CreatedOnToolsVersion = 13.3.1;
						TestTargetID = 1C562D1C282371C200AFE621;
					};
				};
			};
			buildConfigurationList = 1C562D18282371C200AFE621 /* Build configuration list for PBXProject "yd_app_ios" */;
			compatibilityVersion = "Xcode 13.0";
			developmentRegion = en;
			hasScannedForEncodings = 0;
			knownRegions = (
				en,
				Base,
			);
			mainGroup = 1C562D14282371C200AFE621;
			productRefGroup = 1C562D1E282371C200AFE621 /* Products */;
			projectDirPath = "";
			projectRoot = "";
			targets = (
				1C562D1C282371C200AFE621 /* yd_app_ios */,
				1C562D32282371C400AFE621 /* yd_app_iosTests */,
				1C562D3C282371C400AFE621 /* yd_app_iosUITests */,
			);
		};
/* End PBXProject section */

/* Begin PBXResourcesBuildPhase section */
		1C562D1B282371C200AFE621 /* Resources */ = {
			isa = PBXResourcesBuildPhase;
			buildActionMask = 2147483647;
			files = (
				1C562D2D282371C300AFE621 /* LaunchScreen.storyboard in Resources */,
				1C562D2A282371C300AFE621 /* Assets.xcassets in Resources */,
				1C562D28282371C200AFE621 /* Main.storyboard in Resources */,
			);
			runOnlyForDeploymentPostprocessing = 0;
		};
		1C562D31282371C400AFE621 /* Resources */ = {
			isa = PBXResourcesBuildPhase;
			buildActionMask = 2147483647;
			files = (
			);
			runOnlyForDeploymentPostprocessing = 0;
		};
		1C562D3B282371C400AFE621 /* Resources */ = {
			isa = PBXResourcesBuildPhase;
			buildActionMask = 2147483647;
			files = (
			);
			runOnlyForDeploymentPostprocessing = 0;
		};
/* End PBXResourcesBuildPhase section */

/* Begin PBXShellScriptBuildPhase section */
		2118CD5DB49612C6A7A5E496 /* [CP] Check Pods Manifest.lock */ = {
			isa = PBXShellScriptBuildPhase;
			buildActionMask = 2147483647;
			files = (
			);
			inputFileListPaths = (
			);
			inputPaths = (
				"${PODS_PODFILE_DIR_PATH}/Podfile.lock",
				"${PODS_ROOT}/Manifest.lock",
			);
			name = "[CP] Check Pods Manifest.lock";
			outputFileListPaths = (
			);
			outputPaths = (
				"$(DERIVED_FILE_DIR)/Pods-yd_app_ios-checkManifestLockResult.txt",
			);
			runOnlyForDeploymentPostprocessing = 0;
			shellPath = /bin/sh;
			shellScript = "diff \"${PODS_PODFILE_DIR_PATH}/Podfile.lock\" \"${PODS_ROOT}/Manifest.lock\" > /dev/null\nif [ $? != 0 ] ; then\n    # print error to STDERR\n    echo \"error: The sandbox is not in sync with the Podfile.lock. Run 'pod install' or update your CocoaPods installation.\" >&2\n    exit 1\nfi\n# This output is used by Xcode 'outputs' to avoid re-running this script phase.\necho \"SUCCESS\" > \"${SCRIPT_OUTPUT_FILE_0}\"\n";
			showEnvVarsInLog = 0;
		};
		B105BE841DA3FBAF111C5E7C /* [CP] Embed Pods Frameworks */ = {
			isa = PBXShellScriptBuildPhase;
			buildActionMask = 2147483647;
			files = (
			);
			inputFileListPaths = (
				"${PODS_ROOT}/Target Support Files/Pods-yd_app_ios/Pods-yd_app_ios-frameworks-${CONFIGURATION}-input-files.xcfilelist",
			);
			name = "[CP] Embed Pods Frameworks";
			outputFileListPaths = (
				"${PODS_ROOT}/Target Support Files/Pods-yd_app_ios/Pods-yd_app_ios-frameworks-${CONFIGURATION}-output-files.xcfilelist",
			);
			runOnlyForDeploymentPostprocessing = 0;
			shellPath = /bin/sh;
			shellScript = "\"${PODS_ROOT}/Target Support Files/Pods-yd_app_ios/Pods-yd_app_ios-frameworks.sh\"\n";
			showEnvVarsInLog = 0;
		};
/* End PBXShellScriptBuildPhase section */

/* Begin PBXSourcesBuildPhase section */
		1C562D19282371C200AFE621 /* Sources */ = {
			isa = PBXSourcesBuildPhase;
			buildActionMask = 2147483647;
			files = (
				1C70F6B228253701001E3EF3 /* UIViewExtension.swift in Sources */,
				1C562D532823E8DF00AFE621 /* YDHomeViewController.swift in Sources */,
				1C70F6B728253701001E3EF3 /* StringExtension.swift in Sources */,
				1C4F3E51282CE35300562F01 /* YDApi.swift in Sources */,
				1C562D512823E82B00AFE621 /* YDTabBarController.swift in Sources */,
				1C028E1D2840CA4200D4B3D5 /* YDHomeTableViewCell.swift in Sources */,
				1C70F6A528253694001E3EF3 /* YDNavigationController.swift in Sources */,
				1C4F3E53282D13D400562F01 /* YDModel.swift in Sources */,
				1C70F6BC28254193001E3EF3 /* YDMineViewController.swift in Sources */,
				1C70F6B628253701001E3EF3 /* DispatchQueueExtension.swift in Sources */,
				1C70F6B828253701001E3EF3 /* DictionaryExtension.swift in Sources */,
				1C70F6B528253701001E3EF3 /* UIImageExtensions.swift in Sources */,
				1C562D21282371C200AFE621 /* AppDelegate.swift in Sources */,
				1C70F6B128253701001E3EF3 /* UIColorExtension.swift in Sources */,
				1C562D23282371C200AFE621 /* SceneDelegate.swift in Sources */,
				1C562D562823E93300AFE621 /* YDBaseViewController.swift in Sources */,
				1CEC46AB282B6E180059030D /* YDGloble.swift in Sources */,
				1C70F6B428253701001E3EF3 /* UIDeviceExtension.swift in Sources */,
				1C70F6B328253701001E3EF3 /* UIBarButtonItemExtension.swift in Sources */,
				1C9FDDC22833525A00EC22FE /* YDRefresh.swift in Sources */,
				1CC054BA2836514100F02EC4 /* YDHomePresenter.swift in Sources */,
				1C70F6B028253701001E3EF3 /* ArrayExtensions.swift in Sources */,
			);
			runOnlyForDeploymentPostprocessing = 0;
		};
		1C562D2F282371C400AFE621 /* Sources */ = {
			isa = PBXSourcesBuildPhase;
			buildActionMask = 2147483647;
			files = (
				1C562D38282371C400AFE621 /* yd_app_iosTests.swift in Sources */,
			);
			runOnlyForDeploymentPostprocessing = 0;
		};
		1C562D39282371C400AFE621 /* Sources */ = {
			isa = PBXSourcesBuildPhase;
			buildActionMask = 2147483647;
			files = (
				1C562D42282371C400AFE621 /* yd_app_iosUITests.swift in Sources */,
				1C562D44282371C400AFE621 /* yd_app_iosUITestsLaunchTests.swift in Sources */,
			);
			runOnlyForDeploymentPostprocessing = 0;
		};
/* End PBXSourcesBuildPhase section */

/* Begin PBXTargetDependency section */
		1C562D35282371C400AFE621 /* PBXTargetDependency */ = {
			isa = PBXTargetDependency;
			target = 1C562D1C282371C200AFE621 /* yd_app_ios */;
			targetProxy = 1C562D34282371C400AFE621 /* PBXContainerItemProxy */;
		};
		1C562D3F282371C400AFE621 /* PBXTargetDependency */ = {
			isa = PBXTargetDependency;
			target = 1C562D1C282371C200AFE621 /* yd_app_ios */;
			targetProxy = 1C562D3E282371C400AFE621 /* PBXContainerItemProxy */;
		};
/* End PBXTargetDependency section */

/* Begin PBXVariantGroup section */
		1C562D26282371C200AFE621 /* Main.storyboard */ = {
			isa = PBXVariantGroup;
			children = (
				1C562D27282371C200AFE621 /* Base */,
			);
			name = Main.storyboard;
			sourceTree = "<group>";
		};
		1C562D2B282371C300AFE621 /* LaunchScreen.storyboard */ = {
			isa = PBXVariantGroup;
			children = (
				1C562D2C282371C300AFE621 /* Base */,
			);
			name = LaunchScreen.storyboard;
			sourceTree = "<group>";
		};
/* End PBXVariantGroup section */

/* Begin XCBuildConfiguration section */
		1C562D45282371C400AFE621 /* Debug */ = {
			isa = XCBuildConfiguration;
			buildSettings = {
				ALWAYS_SEARCH_USER_PATHS = NO;
				CLANG_ANALYZER_NONNULL = YES;
				CLANG_ANALYZER_NUMBER_OBJECT_CONVERSION = YES_AGGRESSIVE;
				CLANG_CXX_LANGUAGE_STANDARD = "gnu++17";
				CLANG_ENABLE_MODULES = YES;
				CLANG_ENABLE_OBJC_ARC = YES;
				CLANG_ENABLE_OBJC_WEAK = YES;
				CLANG_WARN_BLOCK_CAPTURE_AUTORELEASING = YES;
				CLANG_WARN_BOOL_CONVERSION = YES;
				CLANG_WARN_COMMA = YES;
				CLANG_WARN_CONSTANT_CONVERSION = YES;
				CLANG_WARN_DEPRECATED_OBJC_IMPLEMENTATIONS = YES;
				CLANG_WARN_DIRECT_OBJC_ISA_USAGE = YES_ERROR;
				CLANG_WARN_DOCUMENTATION_COMMENTS = YES;
				CLANG_WARN_EMPTY_BODY = YES;
				CLANG_WARN_ENUM_CONVERSION = YES;
				CLANG_WARN_INFINITE_RECURSION = YES;
				CLANG_WARN_INT_CONVERSION = YES;
				CLANG_WARN_NON_LITERAL_NULL_CONVERSION = YES;
				CLANG_WARN_OBJC_IMPLICIT_RETAIN_SELF = YES;
				CLANG_WARN_OBJC_LITERAL_CONVERSION = YES;
				CLANG_WARN_OBJC_ROOT_CLASS = YES_ERROR;
				CLANG_WARN_QUOTED_INCLUDE_IN_FRAMEWORK_HEADER = YES;
				CLANG_WARN_RANGE_LOOP_ANALYSIS = YES;
				CLANG_WARN_STRICT_PROTOTYPES = YES;
				CLANG_WARN_SUSPICIOUS_MOVE = YES;
				CLANG_WARN_UNGUARDED_AVAILABILITY = YES_AGGRESSIVE;
				CLANG_WARN_UNREACHABLE_CODE = YES;
				CLANG_WARN__DUPLICATE_METHOD_MATCH = YES;
				COPY_PHASE_STRIP = NO;
				DEBUG_INFORMATION_FORMAT = dwarf;
				ENABLE_STRICT_OBJC_MSGSEND = YES;
				ENABLE_TESTABILITY = YES;
				GCC_C_LANGUAGE_STANDARD = gnu11;
				GCC_DYNAMIC_NO_PIC = NO;
				GCC_NO_COMMON_BLOCKS = YES;
				GCC_OPTIMIZATION_LEVEL = 0;
				GCC_PREPROCESSOR_DEFINITIONS = (
					"DEBUG=1",
					"$(inherited)",
				);
				GCC_WARN_64_TO_32_BIT_CONVERSION = YES;
				GCC_WARN_ABOUT_RETURN_TYPE = YES_ERROR;
				GCC_WARN_UNDECLARED_SELECTOR = YES;
				GCC_WARN_UNINITIALIZED_AUTOS = YES_AGGRESSIVE;
				GCC_WARN_UNUSED_FUNCTION = YES;
				GCC_WARN_UNUSED_VARIABLE = YES;
				IPHONEOS_DEPLOYMENT_TARGET = 15.4;
				MTL_ENABLE_DEBUG_INFO = INCLUDE_SOURCE;
				MTL_FAST_MATH = YES;
				ONLY_ACTIVE_ARCH = YES;
				SDKROOT = iphoneos;
				SWIFT_ACTIVE_COMPILATION_CONDITIONS = DEBUG;
				SWIFT_OPTIMIZATION_LEVEL = "-Onone";
			};
			name = Debug;
		};
		1C562D46282371C400AFE621 /* Release */ = {
			isa = XCBuildConfiguration;
			buildSettings = {
				ALWAYS_SEARCH_USER_PATHS = NO;
				CLANG_ANALYZER_NONNULL = YES;
				CLANG_ANALYZER_NUMBER_OBJECT_CONVERSION = YES_AGGRESSIVE;
				CLANG_CXX_LANGUAGE_STANDARD = "gnu++17";
				CLANG_ENABLE_MODULES = YES;
				CLANG_ENABLE_OBJC_ARC = YES;
				CLANG_ENABLE_OBJC_WEAK = YES;
				CLANG_WARN_BLOCK_CAPTURE_AUTORELEASING = YES;
				CLANG_WARN_BOOL_CONVERSION = YES;
				CLANG_WARN_COMMA = YES;
				CLANG_WARN_CONSTANT_CONVERSION = YES;
				CLANG_WARN_DEPRECATED_OBJC_IMPLEMENTATIONS = YES;
				CLANG_WARN_DIRECT_OBJC_ISA_USAGE = YES_ERROR;
				CLANG_WARN_DOCUMENTATION_COMMENTS = YES;
				CLANG_WARN_EMPTY_BODY = YES;
				CLANG_WARN_ENUM_CONVERSION = YES;
				CLANG_WARN_INFINITE_RECURSION = YES;
				CLANG_WARN_INT_CONVERSION = YES;
				CLANG_WARN_NON_LITERAL_NULL_CONVERSION = YES;
				CLANG_WARN_OBJC_IMPLICIT_RETAIN_SELF = YES;
				CLANG_WARN_OBJC_LITERAL_CONVERSION = YES;
				CLANG_WARN_OBJC_ROOT_CLASS = YES_ERROR;
				CLANG_WARN_QUOTED_INCLUDE_IN_FRAMEWORK_HEADER = YES;
				CLANG_WARN_RANGE_LOOP_ANALYSIS = YES;
				CLANG_WARN_STRICT_PROTOTYPES = YES;
				CLANG_WARN_SUSPICIOUS_MOVE = YES;
				CLANG_WARN_UNGUARDED_AVAILABILITY = YES_AGGRESSIVE;
				CLANG_WARN_UNREACHABLE_CODE = YES;
				CLANG_WARN__DUPLICATE_METHOD_MATCH = YES;
				COPY_PHASE_STRIP = NO;
				DEBUG_INFORMATION_FORMAT = "dwarf-with-dsym";
				ENABLE_NS_ASSERTIONS = NO;
				ENABLE_STRICT_OBJC_MSGSEND = YES;
				GCC_C_LANGUAGE_STANDARD = gnu11;
				GCC_NO_COMMON_BLOCKS = YES;
				GCC_WARN_64_TO_32_BIT_CONVERSION = YES;
				GCC_WARN_ABOUT_RETURN_TYPE = YES_ERROR;
				GCC_WARN_UNDECLARED_SELECTOR = YES;
				GCC_WARN_UNINITIALIZED_AUTOS = YES_AGGRESSIVE;
				GCC_WARN_UNUSED_FUNCTION = YES;
				GCC_WARN_UNUSED_VARIABLE = YES;
				IPHONEOS_DEPLOYMENT_TARGET = 15.4;
				MTL_ENABLE_DEBUG_INFO = NO;
				MTL_FAST_MATH = YES;
				SDKROOT = iphoneos;
				SWIFT_COMPILATION_MODE = wholemodule;
				SWIFT_OPTIMIZATION_LEVEL = "-O";
				VALIDATE_PRODUCT = YES;
			};
			name = Release;
		};
		1C562D48282371C400AFE621 /* Debug */ = {
			isa = XCBuildConfiguration;
			baseConfigurationReference = 68F344FBD6AB1F2C7E3E9AAD /* Pods-yd_app_ios.debug.xcconfig */;
			buildSettings = {
				ASSETCATALOG_COMPILER_APPICON_NAME = AppIcon;
				ASSETCATALOG_COMPILER_GLOBAL_ACCENT_COLOR_NAME = AccentColor;
				CODE_SIGN_STYLE = Automatic;
				CURRENT_PROJECT_VERSION = 1;
				GENERATE_INFOPLIST_FILE = YES;
				INFOPLIST_FILE = yd_app_ios/Info.plist;
				INFOPLIST_KEY_CFBundleDisplayName = "新闻";
				INFOPLIST_KEY_UIApplicationSupportsIndirectInputEvents = YES;
				INFOPLIST_KEY_UILaunchStoryboardName = LaunchScreen;
				INFOPLIST_KEY_UISupportedInterfaceOrientations = UIInterfaceOrientationPortrait;
				INFOPLIST_KEY_UISupportedInterfaceOrientations_iPad = "UIInterfaceOrientationPortrait UIInterfaceOrientationPortraitUpsideDown UIInterfaceOrientationLandscapeLeft UIInterfaceOrientationLandscapeRight";
				INFOPLIST_KEY_UISupportedInterfaceOrientations_iPhone = "UIInterfaceOrientationPortrait UIInterfaceOrientationLandscapeLeft UIInterfaceOrientationLandscapeRight";
				IPHONEOS_DEPLOYMENT_TARGET = 9.0;
				LD_RUNPATH_SEARCH_PATHS = (
					"$(inherited)",
					"@executable_path/Frameworks",
				);
				MARKETING_VERSION = 1.0;
				PRODUCT_BUNDLE_IDENTIFIER = "ddddd.yd-app-ios";
				PRODUCT_NAME = "$(TARGET_NAME)";
				SWIFT_EMIT_LOC_STRINGS = YES;
				SWIFT_VERSION = 5.0;
				TARGETED_DEVICE_FAMILY = 1;
			};
			name = Debug;
		};
		1C562D49282371C400AFE621 /* Release */ = {
			isa = XCBuildConfiguration;
			baseConfigurationReference = 60310B5C231D50D27CF66890 /* Pods-yd_app_ios.release.xcconfig */;
			buildSettings = {
				ASSETCATALOG_COMPILER_APPICON_NAME = AppIcon;
				ASSETCATALOG_COMPILER_GLOBAL_ACCENT_COLOR_NAME = AccentColor;
				CODE_SIGN_STYLE = Automatic;
				CURRENT_PROJECT_VERSION = 1;
				GENERATE_INFOPLIST_FILE = YES;
				INFOPLIST_FILE = yd_app_ios/Info.plist;
				INFOPLIST_KEY_CFBundleDisplayName = "新闻";
				INFOPLIST_KEY_UIApplicationSupportsIndirectInputEvents = YES;
				INFOPLIST_KEY_UILaunchStoryboardName = LaunchScreen;
				INFOPLIST_KEY_UISupportedInterfaceOrientations = UIInterfaceOrientationPortrait;
				INFOPLIST_KEY_UISupportedInterfaceOrientations_iPad = "UIInterfaceOrientationPortrait UIInterfaceOrientationPortraitUpsideDown UIInterfaceOrientationLandscapeLeft UIInterfaceOrientationLandscapeRight";
				INFOPLIST_KEY_UISupportedInterfaceOrientations_iPhone = "UIInterfaceOrientationPortrait UIInterfaceOrientationLandscapeLeft UIInterfaceOrientationLandscapeRight";
				IPHONEOS_DEPLOYMENT_TARGET = 9.0;
				LD_RUNPATH_SEARCH_PATHS = (
					"$(inherited)",
					"@executable_path/Frameworks",
				);
				MARKETING_VERSION = 1.0;
				PRODUCT_BUNDLE_IDENTIFIER = "ddddd.yd-app-ios";
				PRODUCT_NAME = "$(TARGET_NAME)";
				SWIFT_EMIT_LOC_STRINGS = YES;
				SWIFT_VERSION = 5.0;
				TARGETED_DEVICE_FAMILY = 1;
			};
			name = Release;
		};
		1C562D4B282371C400AFE621 /* Debug */ = {
			isa = XCBuildConfiguration;
			buildSettings = {
				ALWAYS_EMBED_SWIFT_STANDARD_LIBRARIES = YES;
				BUNDLE_LOADER = "$(TEST_HOST)";
				CODE_SIGN_STYLE = Automatic;
				CURRENT_PROJECT_VERSION = 1;
				GENERATE_INFOPLIST_FILE = YES;
				IPHONEOS_DEPLOYMENT_TARGET = 15.4;
				MARKETING_VERSION = 1.0;
				PRODUCT_BUNDLE_IDENTIFIER = "ddddd.yd-app-iosTests";
				PRODUCT_NAME = "$(TARGET_NAME)";
				SWIFT_EMIT_LOC_STRINGS = NO;
				SWIFT_VERSION = 5.0;
				TARGETED_DEVICE_FAMILY = "1,2";
				TEST_HOST = "$(BUILT_PRODUCTS_DIR)/yd_app_ios.app/yd_app_ios";
			};
			name = Debug;
		};
		1C562D4C282371C400AFE621 /* Release */ = {
			isa = XCBuildConfiguration;
			buildSettings = {
				ALWAYS_EMBED_SWIFT_STANDARD_LIBRARIES = YES;
				BUNDLE_LOADER = "$(TEST_HOST)";
				CODE_SIGN_STYLE = Automatic;
				CURRENT_PROJECT_VERSION = 1;
				GENERATE_INFOPLIST_FILE = YES;
				IPHONEOS_DEPLOYMENT_TARGET = 15.4;
				MARKETING_VERSION = 1.0;
				PRODUCT_BUNDLE_IDENTIFIER = "ddddd.yd-app-iosTests";
				PRODUCT_NAME = "$(TARGET_NAME)";
				SWIFT_EMIT_LOC_STRINGS = NO;
				SWIFT_VERSION = 5.0;
				TARGETED_DEVICE_FAMILY = "1,2";
				TEST_HOST = "$(BUILT_PRODUCTS_DIR)/yd_app_ios.app/yd_app_ios";
			};
			name = Release;
		};
		1C562D4E282371C400AFE621 /* Debug */ = {
			isa = XCBuildConfiguration;
			buildSettings = {
				ALWAYS_EMBED_SWIFT_STANDARD_LIBRARIES = YES;
				CODE_SIGN_STYLE = Automatic;
				CURRENT_PROJECT_VERSION = 1;
				GENERATE_INFOPLIST_FILE = YES;
				MARKETING_VERSION = 1.0;
				PRODUCT_BUNDLE_IDENTIFIER = "ddddd.yd-app-iosUITests";
				PRODUCT_NAME = "$(TARGET_NAME)";
				SWIFT_EMIT_LOC_STRINGS = NO;
				SWIFT_VERSION = 5.0;
				TARGETED_DEVICE_FAMILY = "1,2";
				TEST_TARGET_NAME = yd_app_ios;
			};
			name = Debug;
		};
		1C562D4F282371C400AFE621 /* Release */ = {
			isa = XCBuildConfiguration;
			buildSettings = {
				ALWAYS_EMBED_SWIFT_STANDARD_LIBRARIES = YES;
				CODE_SIGN_STYLE = Automatic;
				CURRENT_PROJECT_VERSION = 1;
				GENERATE_INFOPLIST_FILE = YES;
				MARKETING_VERSION = 1.0;
				PRODUCT_BUNDLE_IDENTIFIER = "ddddd.yd-app-iosUITests";
				PRODUCT_NAME = "$(TARGET_NAME)";
				SWIFT_EMIT_LOC_STRINGS = NO;
				SWIFT_VERSION = 5.0;
				TARGETED_DEVICE_FAMILY = "1,2";
				TEST_TARGET_NAME = yd_app_ios;
			};
			name = Release;
		};
/* End XCBuildConfiguration section */

/* Begin XCConfigurationList section */
		1C562D18282371C200AFE621 /* Build configuration list for PBXProject "yd_app_ios" */ = {
			isa = XCConfigurationList;
			buildConfigurations = (
				1C562D45282371C400AFE621 /* Debug */,
				1C562D46282371C400AFE621 /* Release */,
			);
			defaultConfigurationIsVisible = 0;
			defaultConfigurationName = Release;
		};
		1C562D47282371C400AFE621 /* Build configuration list for PBXNativeTarget "yd_app_ios" */ = {
			isa = XCConfigurationList;
			buildConfigurations = (
				1C562D48282371C400AFE621 /* Debug */,
				1C562D49282371C400AFE621 /* Release */,
			);
			defaultConfigurationIsVisible = 0;
			defaultConfigurationName = Release;
		};
		1C562D4A282371C400AFE621 /* Build configuration list for PBXNativeTarget "yd_app_iosTests" */ = {
			isa = XCConfigurationList;
			buildConfigurations = (
				1C562D4B282371C400AFE621 /* Debug */,
				1C562D4C282371C400AFE621 /* Release */,
			);
			defaultConfigurationIsVisible = 0;
			defaultConfigurationName = Release;
		};
		1C562D4D282371C400AFE621 /* Build configuration list for PBXNativeTarget "yd_app_iosUITests" */ = {
			isa = XCConfigurationList;
			buildConfigurations = (
				1C562D4E282371C400AFE621 /* Debug */,
				1C562D4F282371C400AFE621 /* Release */,
			);
			defaultConfigurationIsVisible = 0;
			defaultConfigurationName = Release;
		};
/* End XCConfigurationList section */
	};
	rootObject = 1C562D15282371C200AFE621 /* Project object */;
}
